
Microsoft Visual Studio Solution File, Format Version 12.00
# Visual Studio Version 17
VisualStudioVersion = 17.7.34031.279
MinimumVisualStudioVersion = 10.0.40219.1
Project("{FAE04EC0-301F-11D3-BF4B-00C04F79EFBC}") = "String Reversal", "String Reversal\String Reversal.csproj", "{34313017-7CFD-4945-921F-23DA3245FBF4}"
EndProject
Global
	GlobalSection(SolutionConfigurationPlatforms) = preSolution
		Debug|Any CPU = Debug|Any CPU
		Release|Any CPU = Release|Any CPU
	EndGlobalSection
	GlobalSection(ProjectConfigurationPlatforms) = postSolution
		{34313017-7CFD-4945-921F-23DA3245FBF4}.Debug|Any CPU.ActiveCfg = Debug|Any CPU
		{34313017-7CFD-4945-921F-23DA3245FBF4}.Debug|Any CPU.Build.0 = Debug|Any CPU
		{34313017-7CFD-4945-921F-23DA3245FBF4}.Release|Any CPU.ActiveCfg = Release|Any CPU
		{34313017-7CFD-4945-921F-23DA3245FBF4}.Release|Any CPU.Build.0 = Release|Any CPU
	EndGlobalSection
	GlobalSection(SolutionProperties) = preSolution
		HideSolutionNode = FALSE
	EndGlobalSection
	GlobalSection(ExtensibilityGlobals) = postSolution
		SolutionGuid = {4BE461F6-F46A-4126-9384-3B76D5A41043}
	EndGlobalSection
EndGlobal
